
Microsoft Visual Studio Solution File, Format Version 12.00
# Visual Studio 15
VisualStudioVersion = 15.0.27703.2035
MinimumVisualStudioVersion = 10.0.40219.1
Project("{FAE04EC0-301F-11D3-BF4B-00C04F79EFBC}") = "RatEaseW", "RatEaseW\RatEaseW.csproj", "{913B842B-326E-4A26-BE34-450A4E65118E}"
EndProject
Project("{2150E333-8FDC-42A3-9474-1A3956D46DE8}") = "Solution Items", "Solution Items", "{9A7B0CC7-D996-4CCB-BADE-6A72A11D9B76}"
	ProjectSection(SolutionItems) = preProject
		readme.md = readme.md
		Release.zip = Release.zip
	EndProjectSection
EndProject
Project("{9A19103F-16F7-4668-BE54-9A1E7A4F7556}") = "ServiceFroos", "ServiceFroos\ServiceFroos.csproj", "{3649BECB-4F0D-4459-9F3E-8F7B598AA290}"
EndProject
Project("{E53339B2-1760-4266-BCC7-CA923CBCF16C}") = "docker-compose", "docker-compose.dcproj", "{482AE062-D52C-46F6-8EA9-0DBE800447C1}"
EndProject
Global
	GlobalSection(SolutionConfigurationPlatforms) = preSolution
		Debug|Any CPU = Debug|Any CPU
		Release|Any CPU = Release|Any CPU
	EndGlobalSection
	GlobalSection(ProjectConfigurationPlatforms) = postSolution
		{913B842B-326E-4A26-BE34-450A4E65118E}.Debug|Any CPU.ActiveCfg = Debug|Any CPU
		{913B842B-326E-4A26-BE34-450A4E65118E}.Debug|Any CPU.Build.0 = Debug|Any CPU
		{913B842B-326E-4A26-BE34-450A4E65118E}.Release|Any CPU.ActiveCfg = Release|Any CPU
		{913B842B-326E-4A26-BE34-450A4E65118E}.Release|Any CPU.Build.0 = Release|Any CPU
		{3649BECB-4F0D-4459-9F3E-8F7B598AA290}.Debug|Any CPU.ActiveCfg = Debug|Any CPU
		{3649BECB-4F0D-4459-9F3E-8F7B598AA290}.Debug|Any CPU.Build.0 = Debug|Any CPU
		{3649BECB-4F0D-4459-9F3E-8F7B598AA290}.Release|Any CPU.ActiveCfg = Release|Any CPU
		{3649BECB-4F0D-4459-9F3E-8F7B598AA290}.Release|Any CPU.Build.0 = Release|Any CPU
		{482AE062-D52C-46F6-8EA9-0DBE800447C1}.Debug|Any CPU.ActiveCfg = Debug|Any CPU
		{482AE062-D52C-46F6-8EA9-0DBE800447C1}.Debug|Any CPU.Build.0 = Debug|Any CPU
		{482AE062-D52C-46F6-8EA9-0DBE800447C1}.Release|Any CPU.ActiveCfg = Release|Any CPU
		{482AE062-D52C-46F6-8EA9-0DBE800447C1}.Release|Any CPU.Build.0 = Release|Any CPU
	EndGlobalSection
	GlobalSection(SolutionProperties) = preSolution
		HideSolutionNode = FALSE
	EndGlobalSection
	GlobalSection(ExtensibilityGlobals) = postSolution
		SolutionGuid = {1E721C67-2920-4375-843A-B0A6583C4D24}
	EndGlobalSection
EndGlobal
